// !$*UTF8*$!
{
	archiveVersion = 1;
	classes = {
	};
	objectVersion = 46;
	objects = {

/* Begin PBXBuildFile section */
		A59C09C619EF64100061DCF5 /* AppDelegate.swift in Sources */ = {isa = PBXBuildFile; fileRef = A59C09C519EF64100061DCF5 /* AppDelegate.swift */; };
		A59C09C819EF64100061DCF5 /* ViewController.swift in Sources */ = {isa = PBXBuildFile; fileRef = A59C09C719EF64100061DCF5 /* ViewController.swift */; };
		A59C09CB19EF64100061DCF5 /* Main.storyboard in Resources */ = {isa = PBXBuildFile; fileRef = A59C09C919EF64100061DCF5 /* Main.storyboard */; };
		A59C09CD19EF64100061DCF5 /* Images.xcassets in Resources */ = {isa = PBXBuildFile; fileRef = A59C09CC19EF64100061DCF5 /* Images.xcassets */; };
		A59C09D019EF64100061DCF5 /* LaunchScreen.xib in Resources */ = {isa = PBXBuildFile; fileRef = A59C09CE19EF64100061DCF5 /* LaunchScreen.xib */; };
		A59C09DC19EF64100061DCF5 /* YoutubeSearchTests.swift in Sources */ = {isa = PBXBuildFile; fileRef = A59C09DB19EF64100061DCF5 /* YoutubeSearchTests.swift */; };
/* End PBXBuildFile section */

/* Begin PBXContainerItemProxy section */
		A59C09D619EF64100061DCF5 /* PBXContainerItemProxy */ = {
			isa = PBXContainerItemProxy;
			containerPortal = A59C09B819EF64100061DCF5 /* Project object */;
			proxyType = 1;
			remoteGlobalIDString = A59C09BF19EF64100061DCF5;
			remoteInfo = YoutubeSearch;
		};
/* End PBXContainerItemProxy section */

/* Begin PBXFileReference section */
		A59C09C019EF64100061DCF5 /* YoutubeSearch.app */ = {isa = PBXFileReference; explicitFileType = wrapper.application; includeInIndex = 0; path = YoutubeSearch.app; sourceTree = BUILT_PRODUCTS_DIR; };
		A59C09C419EF64100061DCF5 /* Info.plist */ = {isa = PBXFileReference; lastKnownFileType = text.plist.xml; path = Info.plist; sourceTree = "<group>"; };
		A59C09C519EF64100061DCF5 /* AppDelegate.swift */ = {isa = PBXFileReference; lastKnownFileType = sourcecode.swift; path = AppDelegate.swift; sourceTree = "<group>"; };
		A59C09C719EF64100061DCF5 /* ViewController.swift */ = {isa = PBXFileReference; lastKnownFileType = sourcecode.swift; path = ViewController.swift; sourceTree = "<group>"; };
		A59C09CA19EF64100061DCF5 /* Base */ = {isa = PBXFileReference; lastKnownFileType = file.storyboard; name = Base; path = Base.lproj/Main.storyboard; sourceTree = "<group>"; };
		A59C09CC19EF64100061DCF5 /* Images.xcassets */ = {isa = PBXFileReference; lastKnownFileType = folder.assetcatalog; path = Images.xcassets; sourceTree = "<group>"; };
		A59C09CF19EF64100061DCF5 /* Base */ = {isa = PBXFileReference; lastKnownFileType = file.xib; name = Base; path = Base.lproj/LaunchScreen.xib; sourceTree = "<group>"; };
		A59C09D519EF64100061DCF5 /* YoutubeSearchTests.xctest */ = {isa = PBXFileReference; explicitFileType = wrapper.cfbundle; includeInIndex = 0; path = YoutubeSearchTests.xctest; sourceTree = BUILT_PRODUCTS_DIR; };
		A59C09DA19EF64100061DCF5 /* Info.plist */ = {isa = PBXFileReference; lastKnownFileType = text.plist.xml; path = Info.plist; sourceTree = "<group>"; };
		A59C09DB19EF64100061DCF5 /* YoutubeSearchTests.swift */ = {isa = PBXFileReference; lastKnownFileType = sourcecode.swift; path = YoutubeSearchTests.swift; sourceTree = "<group>"; };
/* End PBXFileReference section */

/* Begin PBXFrameworksBuildPhase section */
		A59C09BD19EF64100061DCF5 /* Frameworks */ = {
			isa = PBXFrameworksBuildPhase;
			buildActionMask = 2147483647;
			files = (
			);
			runOnlyForDeploymentPostprocessing = 0;
		};
		A59C09D219EF64100061DCF5 /* Frameworks */ = {
			isa = PBXFrameworksBuildPhase;
			buildActionMask = 2147483647;
			files = (
			);
			runOnlyForDeploymentPostprocessing = 0;
		};
/* End PBXFrameworksBuildPhase section */

/* Begin PBXGroup section */
		A59C09B719EF64100061DCF5 = {
			isa = PBXGroup;
			children = (
				A59C09C219EF64100061DCF5 /* YoutubeSearch */,
				A59C09D819EF64100061DCF5 /* YoutubeSearchTests */,
				A59C09C119EF64100061DCF5 /* Products */,
			);
			sourceTree = "<group>";
		};
		A59C09C119EF64100061DCF5 /* Products */ = {
			isa = PBXGroup;
			children = (
				A59C09C019EF64100061DCF5 /* YoutubeSearch.app */,
				A59C09D519EF64100061DCF5 /* YoutubeSearchTests.xctest */,
			);
			name = Products;
			sourceTree = "<group>";
		};
		A59C09C219EF64100061DCF5 /* YoutubeSearch */ = {
			isa = PBXGroup;
			children = (
				A59C09C519EF64100061DCF5 /* AppDelegate.swift */,
				A59C09C719EF64100061DCF5 /* ViewController.swift */,
				A59C09C919EF64100061DCF5 /* Main.storyboard */,
				A59C09CC19EF64100061DCF5 /* Images.xcassets */,
				A59C09CE19EF64100061DCF5 /* LaunchScreen.xib */,
				A59C09C319EF64100061DCF5 /* Supporting Files */,
			);
			path = YoutubeSearch;
			sourceTree = "<group>";
		};
		A59C09C319EF64100061DCF5 /* Supporting Files */ = {
			isa = PBXGroup;
			children = (
				A59C09C419EF64100061DCF5 /* Info.plist */,
			);
			name = "Supporting Files";
			sourceTree = "<group>";
		};
		A59C09D819EF64100061DCF5 /* YoutubeSearchTests */ = {
			isa = PBXGroup;
			children = (
				A59C09DB19EF64100061DCF5 /* YoutubeSearchTests.swift */,
				A59C09D919EF64100061DCF5 /* Supporting Files */,
			);
			path = YoutubeSearchTests;
			sourceTree = "<group>";
		};
		A59C09D919EF64100061DCF5 /* Supporting Files */ = {
			isa = PBXGroup;
			children = (
				A59C09DA19EF64100061DCF5 /* Info.plist */,
			);
			name = "Supporting Files";
			sourceTree = "<group>";
		};
/* End PBXGroup section */

/* Begin PBXNativeTarget section */
		A59C09BF19EF64100061DCF5 /* YoutubeSearch */ = {
			isa = PBXNativeTarget;
			buildConfigurationList = A59C09DF19EF64100061DCF5 /* Build configuration list for PBXNativeTarget "YoutubeSearch" */;
			buildPhases = (
				A59C09BC19EF64100061DCF5 /* Sources */,
				A59C09BD19EF64100061DCF5 /* Frameworks */,
				A59C09BE19EF64100061DCF5 /* Resources */,
			);
			buildRules = (
			);
			dependencies = (
			);
			name = YoutubeSearch;
			productName = YoutubeSearch;
			productReference = A59C09C019EF64100061DCF5 /* YoutubeSearch.app */;
			productType = "com.apple.product-type.application";
		};
		A59C09D419EF64100061DCF5 /* YoutubeSearchTests */ = {
			isa = PBXNativeTarget;
			buildConfigurationList = A59C09E219EF64100061DCF5 /* Build configuration list for PBXNativeTarget "YoutubeSearchTests" */;
			buildPhases = (
				A59C09D119EF64100061DCF5 /* Sources */,
				A59C09D219EF64100061DCF5 /* Frameworks */,
				A59C09D319EF64100061DCF5 /* Resources */,
			);
			buildRules = (
			);
			dependencies = (
				A59C09D719EF64100061DCF5 /* PBXTargetDependency */,
			);
			name = YoutubeSearchTests;
			productName = YoutubeSearchTests;
			productReference = A59C09D519EF64100061DCF5 /* YoutubeSearchTests.xctest */;
			productType = "com.apple.product-type.bundle.unit-test";
		};
/* End PBXNativeTarget section */

/* Begin PBXProject section */
		A59C09B819EF64100061DCF5 /* Project object */ = {
			isa = PBXProject;
			attributes = {
				LastUpgradeCheck = 0600;
				ORGANIZATIONNAME = Macrominds;
				TargetAttributes = {
					A59C09BF19EF64100061DCF5 = {
						CreatedOnToolsVersion = 6.0;
					};
					A59C09D419EF64100061DCF5 = {
						CreatedOnToolsVersion = 6.0;
						TestTargetID = A59C09BF19EF64100061DCF5;
					};
				};
			};
			buildConfigurationList = A59C09BB19EF64100061DCF5 /* Build configuration list for PBXProject "YoutubeSearch" */;
			compatibilityVersion = "Xcode 3.2";
			developmentRegion = English;
			hasScannedForEncodings = 0;
			knownRegions = (
				en,
				Base,
			);
			mainGroup = A59C09B719EF64100061DCF5;
			productRefGroup = A59C09C119EF64100061DCF5 /* Products */;
			projectDirPath = "";
			projectRoot = "";
			targets = (
				A59C09BF19EF64100061DCF5 /* YoutubeSearch */,
				A59C09D419EF64100061DCF5 /* YoutubeSearchTests */,
			);
		};
/* End PBXProject section */

/* Begin PBXResourcesBuildPhase section */
		A59C09BE19EF64100061DCF5 /* Resources */ = {
			isa = PBXResourcesBuildPhase;
			buildActionMask = 2147483647;
			files = (
				A59C09CB19EF64100061DCF5 /* Main.storyboard in Resources */,
				A59C09D019EF64100061DCF5 /* LaunchScreen.xib in Resources */,
				A59C09CD19EF64100061DCF5 /* Images.xcassets in Resources */,
			);
			runOnlyForDeploymentPostprocessing = 0;
		};
		A59C09D319EF64100061DCF5 /* Resources */ = {
			isa = PBXResourcesBuildPhase;
			buildActionMask = 2147483647;
			files = (
			);
			runOnlyForDeploymentPostprocessing = 0;
		};
/* End PBXResourcesBuildPhase section */

/* Begin PBXSourcesBuildPhase section */
		A59C09BC19EF64100061DCF5 /* Sources */ = {
			isa = PBXSourcesBuildPhase;
			buildActionMask = 2147483647;
			files = (
				A59C09C819EF64100061DCF5 /* ViewController.swift in Sources */,
				A59C09C619EF64100061DCF5 /* AppDelegate.swift in Sources */,
			);
			runOnlyForDeploymentPostprocessing = 0;
		};
		A59C09D119EF64100061DCF5 /* Sources */ = {
			isa = PBXSourcesBuildPhase;
			buildActionMask = 2147483647;
			files = (
				A59C09DC19EF64100061DCF5 /* YoutubeSearchTests.swift in Sources */,
			);
			runOnlyForDeploymentPostprocessing = 0;
		};
/* End PBXSourcesBuildPhase section */

/* Begin PBXTargetDependency section */
		A59C09D719EF64100061DCF5 /* PBXTargetDependency */ = {
			isa = PBXTargetDependency;
			target = A59C09BF19EF64100061DCF5 /* YoutubeSearch */;
			targetProxy = A59C09D619EF64100061DCF5 /* PBXContainerItemProxy */;
		};
/* End PBXTargetDependency section */

/* Begin PBXVariantGroup section */
		A59C09C919EF64100061DCF5 /* Main.storyboard */ = {
			isa = PBXVariantGroup;
			children = (
				A59C09CA19EF64100061DCF5 /* Base */,
			);
			name = Main.storyboard;
			sourceTree = "<group>";
		};
		A59C09CE19EF64100061DCF5 /* LaunchScreen.xib */ = {
			isa = PBXVariantGroup;
			children = (
				A59C09CF19EF64100061DCF5 /* Base */,
			);
			name = LaunchScreen.xib;
			sourceTree = "<group>";
		};
/* End PBXVariantGroup section */

/* Begin XCBuildConfiguration section */
		A59C09DD19EF64100061DCF5 /* Debug */ = {
			isa = XCBuildConfiguration;
			buildSettings = {
				ALWAYS_SEARCH_USER_PATHS = NO;
				CLANG_CXX_LANGUAGE_STANDARD = "gnu++0x";
				CLANG_CXX_LIBRARY = "libc++";
				CLANG_ENABLE_MODULES = YES;
				CLANG_ENABLE_OBJC_ARC = YES;
				CLANG_WARN_BOOL_CONVERSION = YES;
				CLANG_WARN_CONSTANT_CONVERSION = YES;
				CLANG_WARN_DIRECT_OBJC_ISA_USAGE = YES_ERROR;
				CLANG_WARN_EMPTY_BODY = YES;
				CLANG_WARN_ENUM_CONVERSION = YES;
				CLANG_WARN_INT_CONVERSION = YES;
				CLANG_WARN_OBJC_ROOT_CLASS = YES_ERROR;
				CLANG_WARN_UNREACHABLE_CODE = YES;
				CLANG_WARN__DUPLICATE_METHOD_MATCH = YES;
				"CODE_SIGN_IDENTITY[sdk=iphoneos*]" = "iPhone Developer";
				COPY_PHASE_STRIP = NO;
				ENABLE_STRICT_OBJC_MSGSEND = YES;
				GCC_C_LANGUAGE_STANDARD = gnu99;
				GCC_DYNAMIC_NO_PIC = NO;
				GCC_OPTIMIZATION_LEVEL = 0;
				GCC_PREPROCESSOR_DEFINITIONS = (
					"DEBUG=1",
					"$(inherited)",
				);
				GCC_SYMBOLS_PRIVATE_EXTERN = NO;
				GCC_WARN_64_TO_32_BIT_CONVERSION = YES;
				GCC_WARN_ABOUT_RETURN_TYPE = YES_ERROR;
				GCC_WARN_UNDECLARED_SELECTOR = YES;
				GCC_WARN_UNINITIALIZED_AUTOS = YES_AGGRESSIVE;
				GCC_WARN_UNUSED_FUNCTION = YES;
				GCC_WARN_UNUSED_VARIABLE = YES;
				IPHONEOS_DEPLOYMENT_TARGET = 8.0;
				MTL_ENABLE_DEBUG_INFO = YES;
				ONLY_ACTIVE_ARCH = YES;
				SDKROOT = iphoneos;
				SWIFT_OPTIMIZATION_LEVEL = "-Onone";
			};
			name = Debug;
		};
		A59C09DE19EF64100061DCF5 /* Release */ = {
			isa = XCBuildConfiguration;
			buildSettings = {
				ALWAYS_SEARCH_USER_PATHS = NO;
				CLANG_CXX_LANGUAGE_STANDARD = "gnu++0x";
				CLANG_CXX_LIBRARY = "libc++";
				CLANG_ENABLE_MODULES = YES;
				CLANG_ENABLE_OBJC_ARC = YES;
				CLANG_WARN_BOOL_CONVERSION = YES;
				CLANG_WARN_CONSTANT_CONVERSION = YES;
				CLANG_WARN_DIRECT_OBJC_ISA_USAGE = YES_ERROR;
				CLANG_WARN_EMPTY_BODY = YES;
				CLANG_WARN_ENUM_CONVERSION = YES;
				CLANG_WARN_INT_CONVERSION = YES;
				CLANG_WARN_OBJC_ROOT_CLASS = YES_ERROR;
				CLANG_WARN_UNREACHABLE_CODE = YES;
				CLANG_WARN__DUPLICATE_METHOD_MATCH = YES;
				"CODE_SIGN_IDENTITY[sdk=iphoneos*]" = "iPhone Developer";
				COPY_PHASE_STRIP = YES;
				ENABLE_NS_ASSERTIONS = NO;
				ENABLE_STRICT_OBJC_MSGSEND = YES;
				GCC_C_LANGUAGE_STANDARD = gnu99;
				GCC_WARN_64_TO_32_BIT_CONVERSION = YES;
				GCC_WARN_ABOUT_RETURN_TYPE = YES_ERROR;
				GCC_WARN_UNDECLARED_SELECTOR = YES;
				GCC_WARN_UNINITIALIZED_AUTOS = YES_AGGRESSIVE;
				GCC_WARN_UNUSED_FUNCTION = YES;
				GCC_WARN_UNUSED_VARIABLE = YES;
				IPHONEOS_DEPLOYMENT_TARGET = 8.0;
				MTL_ENABLE_DEBUG_INFO = NO;
				SDKROOT = iphoneos;
				VALIDATE_PRODUCT = YES;
			};
			name = Release;
		};
		A59C09E019EF64100061DCF5 /* Debug */ = {
			isa = XCBuildConfiguration;
			buildSettings = {
				ASSETCATALOG_COMPILER_APPICON_NAME = AppIcon;
				INFOPLIST_FILE = YoutubeSearch/Info.plist;
				LD_RUNPATH_SEARCH_PATHS = "$(inherited) @executable_path/Frameworks";
				PRODUCT_NAME = "$(TARGET_NAME)";
			};
			name = Debug;
		};
		A59C09E119EF64100061DCF5 /* Release */ = {
			isa = XCBuildConfiguration;
			buildSettings = {
				ASSETCATALOG_COMPILER_APPICON_NAME = AppIcon;
				INFOPLIST_FILE = YoutubeSearch/Info.plist;
				LD_RUNPATH_SEARCH_PATHS = "$(inherited) @executable_path/Frameworks";
				PRODUCT_NAME = "$(TARGET_NAME)";
			};
			name = Release;
		};
		A59C09E319EF64100061DCF5 /* Debug */ = {
			isa = XCBuildConfiguration;
			buildSettings = {
				BUNDLE_LOADER = "$(TEST_HOST)";
				FRAMEWORK_SEARCH_PATHS = (
					"$(SDKROOT)/Developer/Library/Frameworks",
					"$(inherited)",
				);
				GCC_PREPROCESSOR_DEFINITIONS = (
					"DEBUG=1",
					"$(inherited)",
				);
				INFOPLIST_FILE = YoutubeSearchTests/Info.plist;
				LD_RUNPATH_SEARCH_PATHS = "$(inherited) @executable_path/Frameworks @loader_path/Frameworks";
				PRODUCT_NAME = "$(TARGET_NAME)";
				TEST_HOST = "$(BUILT_PRODUCTS_DIR)/YoutubeSearch.app/YoutubeSearch";
			};
			name = Debug;
		};
		A59C09E419EF64100061DCF5 /* Release */ = {
			isa = XCBuildConfiguration;
			buildSettings = {
				BUNDLE_LOADER = "$(TEST_HOST)";
				FRAMEWORK_SEARCH_PATHS = (
					"$(SDKROOT)/Developer/Library/Frameworks",
					"$(inherited)",
				);
				INFOPLIST_FILE = YoutubeSearchTests/Info.plist;
				LD_RUNPATH_SEARCH_PATHS = "$(inherited) @executable_path/Frameworks @loader_path/Frameworks";
				PRODUCT_NAME = "$(TARGET_NAME)";
				TEST_HOST = "$(BUILT_PRODUCTS_DIR)/YoutubeSearch.app/YoutubeSearch";
			};
			name = Release;
		};
/* End XCBuildConfiguration section */

/* Begin XCConfigurationList section */
		A59C09BB19EF64100061DCF5 /* Build configuration list for PBXProject "YoutubeSearch" */ = {
			isa = XCConfigurationList;
			buildConfigurations = (
				A59C09DD19EF64100061DCF5 /* Debug */,
				A59C09DE19EF64100061DCF5 /* Release */,
			);
			defaultConfigurationIsVisible = 0;
			defaultConfigurationName = Release;
		};
		A59C09DF19EF64100061DCF5 /* Build configuration list for PBXNativeTarget "YoutubeSearch" */ = {
			isa = XCConfigurationList;
			buildConfigurations = (
				A59C09E019EF64100061DCF5 /* Debug */,
				A59C09E119EF64100061DCF5 /* Release */,
			);
			defaultConfigurationIsVisible = 0;
		};
		A59C09E219EF64100061DCF5 /* Build configuration list for PBXNativeTarget "YoutubeSearchTests" */ = {
			isa = XCConfigurationList;
			buildConfigurations = (
				A59C09E319EF64100061DCF5 /* Debug */,
				A59C09E419EF64100061DCF5 /* Release */,
			);
			defaultConfigurationIsVisible = 0;
		};
/* End XCConfigurationList section */
	};
	rootObject = A59C09B819EF64100061DCF5 /* Project object */;
}
